3b48dac8fb59f62eaa67ac83c1eb12bda1b7a08406dd286e252c11a66be27f81 https://www.python.org/ftp/python/3.14.7/Python-3.14.7.tar.xz
a8f84a39918ec6415ce765d9b429d313ba97b8143169c172e734b9514464f5b2 https://github.com/openssl/openssl/releases/download/openssl-3.5.8/openssl-3.5.8.tar.gz
d5e9a6638ddbd2513ddb54518eb67e4bbe6fa707bcc01c10f6212f0a088d819d https://github.com/libffi/libffi/releases/download/v3.7.1/libffi-3.7.1.tar.gz
fff1ffcf2b0da84d308a14de513a1aa23d4e9aa3464d17e64b9714bfdd0bbfb6 https://github.com/tukaani-project/xz/releases/download/v5.8.3/xz-5.8.3.tar.xz
0e9483900e92cd5de8fd48d16bf9200145a61f7fd5be542a5ac81d8a9516eb9c https://sqlite.org/2026/sqlite-autoconf-3530400.tar.gz
f66dff1bdf8f96060b8177976f8b7d9254bc89bc4db933d769f7384d28480bc9 https://curl.se/ca/cacert-2026-08-13.pem
